
Microsoft Visual Studio Solution File, Format Version 12.00
# Visual Studio Version 17
VisualStudioVersion = 17.10.35122.118
MinimumVisualStudioVersion = 10.0.40219.1
Project("{9A19103F-16F7-4668-BE54-9A1E7A4F7556}") = "UniversityTasksOOP", "UniversityTasks\UniversityTasksOOP.csproj", "{DABB8172-A21E-4877-B517-F8312ABB96CA}"
EndProject
Project("{9A19103F-16F7-4668-BE54-9A1E7A4F7556}") = "UniversityTasksAlgorithms", "UniversityTasksAlgorithms\UniversityTasksAlgorithms.csproj", "{266B974C-0C84-4F0F-B9F1-B25435C66A03}"
EndProject
Project("{FAE04EC0-301F-11D3-BF4B-00C04F79EFBC}") = "Graphs", "Graphs\Graphs.csproj", "{11EB01E8-00D9-4F37-ABF5-CD89B3539C1C}"
EndProject
Global
	GlobalSection(SolutionConfigurationPlatforms) = preSolution
		Debug|Any CPU = Debug|Any CPU
		Release|Any CPU = Release|Any CPU
	EndGlobalSection
	GlobalSection(ProjectConfigurationPlatforms) = postSolution
		{DABB8172-A21E-4877-B517-F8312ABB96CA}.Debug|Any CPU.ActiveCfg = Debug|Any CPU
		{DABB8172-A21E-4877-B517-F8312ABB96CA}.Debug|Any CPU.Build.0 = Debug|Any CPU
		{DABB8172-A21E-4877-B517-F8312ABB96CA}.Release|Any CPU.ActiveCfg = Release|Any CPU
		{DABB8172-A21E-4877-B517-F8312ABB96CA}.Release|Any CPU.Build.0 = Release|Any CPU
		{266B974C-0C84-4F0F-B9F1-B25435C66A03}.Debug|Any CPU.ActiveCfg = Debug|Any CPU
		{266B974C-0C84-4F0F-B9F1-B25435C66A03}.Debug|Any CPU.Build.0 = Debug|Any CPU
		{266B974C-0C84-4F0F-B9F1-B25435C66A03}.Release|Any CPU.ActiveCfg = Release|Any CPU
		{266B974C-0C84-4F0F-B9F1-B25435C66A03}.Release|Any CPU.Build.0 = Release|Any CPU
		{11EB01E8-00D9-4F37-ABF5-CD89B3539C1C}.Debug|Any CPU.ActiveCfg = Debug|Any CPU
		{11EB01E8-00D9-4F37-ABF5-CD89B3539C1C}.Debug|Any CPU.Build.0 = Debug|Any CPU
		{11EB01E8-00D9-4F37-ABF5-CD89B3539C1C}.Release|Any CPU.ActiveCfg = Release|Any CPU
		{11EB01E8-00D9-4F37-ABF5-CD89B3539C1C}.Release|Any CPU.Build.0 = Release|Any CPU
	EndGlobalSection
	GlobalSection(SolutionProperties) = preSolution
		HideSolutionNode = FALSE
	EndGlobalSection
	GlobalSection(ExtensibilityGlobals) = postSolution
		SolutionGuid = {F6B2AA15-E713-4AFD-B980-82D840821018}
	EndGlobalSection
EndGlobal
